# THIS IS AN AUTOGENERATED FILE. DO NOT EDIT THIS FILE DIRECTLY.
# yarn lockfile v1


"@atomist/cortex@^0.22.0":
  version "0.22.0"
  resolved "https://registry.yarnpkg.com/@atomist/cortex/-/cortex-0.22.0.tgz#d439139e62a4cc4da52aaa520d9f56eba523378e"
  dependencies:
    "@atomist/rug" "0.21.0"

"@atomist/rug@0.21.0", "@atomist/rug@^0.21.0":
  version "0.21.0"
  resolved "https://registry.yarnpkg.com/@atomist/rug/-/rug-0.21.0.tgz#ce4381edb55851151b44123b867bcd2bd1f77822"

"@atomist/rugs@^0.16.0":
  version "0.16.0"
  resolved "https://registry.yarnpkg.com/@atomist/rugs/-/rugs-0.16.0.tgz#740cca64edb41b4892a21f37b55eda7d96aefe05"
  dependencies:
    "@atomist/cortex" "^0.22.0"
    "@atomist/rug" "^0.21.0"
    mustache "^2.3.0"

mustache@^2.3.0:
  version "2.3.0"
  resolved "https://registry.yarnpkg.com/mustache/-/mustache-2.3.0.tgz#4028f7778b17708a489930a6e52ac3bca0da41d0"
